
Microsoft Visual Studio Solution File, Format Version 12.00
# Visual Studio Version 16
VisualStudioVersion = 16.0.30621.155
MinimumVisualStudioVersion = 10.0.40219.1
Project("{FAE04EC0-301F-11D3-BF4B-00C04F79EFBC}") = "ClientChatApp_073_Adiatsa Putra Santika", "ClientChatApp_073_Adiatsa Putra Santika\ClientChatApp_073_Adiatsa Putra Santika.csproj", "{7445DEEE-0E9D-4C10-BE6C-60B84E334478}"
EndProject
Global
	GlobalSection(SolutionConfigurationPlatforms) = preSolution
		Debug|Any CPU = Debug|Any CPU
		Release|Any CPU = Release|Any CPU
	EndGlobalSection
	GlobalSection(ProjectConfigurationPlatforms) = postSolution
		{7445DEEE-0E9D-4C10-BE6C-60B84E334478}.Debug|Any CPU.ActiveCfg = Debug|Any CPU
		{7445DEEE-0E9D-4C10-BE6C-60B84E334478}.Debug|Any CPU.Build.0 = Debug|Any CPU
		{7445DEEE-0E9D-4C10-BE6C-60B84E334478}.Release|Any CPU.ActiveCfg = Release|Any CPU
		{7445DEEE-0E9D-4C10-BE6C-60B84E334478}.Release|Any CPU.Build.0 = Release|Any CPU
	EndGlobalSection
	GlobalSection(SolutionProperties) = preSolution
		HideSolutionNode = FALSE
	EndGlobalSection
	GlobalSection(ExtensibilityGlobals) = postSolution
		SolutionGuid = {D7ACA15D-C52B-4ED8-9B72-5591557CB6F7}
	EndGlobalSection
EndGlobal
